github.com/go-gl/gl v0.0.0-20210905235341-f7a045908259 h1:8q7+xl2D2qHPLTII1t4vSMNP2VKwDcn+Avf2WXvdB1A=
github.com/go-gl/gl v0.0.0-20210905235341-f7a045908259/go.mod h1:wjpnOv6ONl2SuJSxqCPVaPZibGFdSci9HFocT9qtVYM=
github.com/go-gl/glfw/v3.3/glfw v0.0.0-20210727001814-0db043d8d5be h1:vEIVIuBApEBQTEJt19GfhoU+zFSV+sNTa9E9FdnRYfk=
github.com/go-gl/glfw/v3.3/glfw v0.0.0-20210727001814-0db043d8d5be/go.mod h1:tQ2UAYgL5IevRw8kRxooKSPJfGvJ9fJQFa0TUsXzTg8=
github.com/isshoni-soft/roxxy v0.0.0-20211106044041-28a6add6336b h1:Rw6gcA7kXOIL81ZTNoB6k6HH7TxHWlGja6yszwOC/Qs=
github.com/isshoni-soft/roxxy v0.0.0-20211106044041-28a6add6336b/go.mod h1:uLstebFnKT9epD9v+H+b9RI2A5MqfcYcYWbDOuU4MaY=
github.com/isshoni-soft/sakura v0.0.0-20211022193349-d711737eafa0 h1:pOtddTVVaolFBqT+3h4lYmemoltFX3hBR04IGcOfbcE=
github.com/isshoni-soft/sakura v0.0.0-20211022193349-d711737eafa0/go.mod h1:c8QKL+5yYm7GoMvTqmHdXzwKrbChQtN+vAoqlAIFWbc=
github.com/shuLhan/go-bindata v4.0.0+incompatible h1:xD8LkuVZLV5OOn/IEuFdt6EEAW7deWiqgwaaSGhjAJc=
github.com/shuLhan/go-bindata v4.0.0+incompatible/go.mod h1:pkcPAATLBDD2+SpAPnX5vEM90F7fcwHCvvLCMXcmw3g=
